// !$*UTF8*$!
{
	archiveVersion = 1;
	classes = {
	};
	objectVersion = 56;
	objects = {

/* Begin PBXBuildFile section */
		3E4D1C572C94AF8C00CBB315 /* swiftUI_mapkit_LandmarkApp.swift in Sources */ = {isa = PBXBuildFile; fileRef = 3E4D1C562C94AF8C00CBB315 /* swiftUI_mapkit_LandmarkApp.swift */; };
		3E4D1C592C94AF8C00CBB315 /* DetailsView.swift in Sources */ = {isa = PBXBuildFile; fileRef = 3E4D1C582C94AF8C00CBB315 /* DetailsView.swift */; };
		3E4D1C5B2C94AF8D00CBB315 /* Assets.xcassets in Resources */ = {isa = PBXBuildFile; fileRef = 3E4D1C5A2C94AF8D00CBB315 /* Assets.xcassets */; };
		3E4D1C5E2C94AF8D00CBB315 /* Preview Assets.xcassets in Resources */ = {isa = PBXBuildFile; fileRef = 3E4D1C5D2C94AF8D00CBB315 /* Preview Assets.xcassets */; };
		3E4D1C652C94AFE100CBB315 /* LandmarkModel.swift in Sources */ = {isa = PBXBuildFile; fileRef = 3E4D1C642C94AFE100CBB315 /* LandmarkModel.swift */; };
		3E4D1C672C94B60200CBB315 /* MapView.swift in Sources */ = {isa = PBXBuildFile; fileRef = 3E4D1C662C94B60200CBB315 /* MapView.swift */; };
		3E4D1C692C94C66E00CBB315 /* circleImage.swift in Sources */ = {isa = PBXBuildFile; fileRef = 3E4D1C682C94C66E00CBB315 /* circleImage.swift */; };
		3E4D1C6B2C94C80C00CBB315 /* landmarkListView.swift in Sources */ = {isa = PBXBuildFile; fileRef = 3E4D1C6A2C94C80C00CBB315 /* landmarkListView.swift */; };
		3E4D1C6D2C94D30D00CBB315 /* rowImage.swift in Sources */ = {isa = PBXBuildFile; fileRef = 3E4D1C6C2C94D30D00CBB315 /* rowImage.swift */; };
		3E4D1C6F2C94D31C00CBB315 /* row.swift in Sources */ = {isa = PBXBuildFile; fileRef = 3E4D1C6E2C94D31C00CBB315 /* row.swift */; };
/* End PBXBuildFile section */

/* Begin PBXFileReference section */
		3E4D1C532C94AF8C00CBB315 /* swiftUI-mapkit-Landmark.app */ = {isa = PBXFileReference; explicitFileType = wrapper.application; includeInIndex = 0; path = "swiftUI-mapkit-Landmark.app"; sourceTree = BUILT_PRODUCTS_DIR; };
		3E4D1C562C94AF8C00CBB315 /* swiftUI_mapkit_LandmarkApp.swift */ = {isa = PBXFileReference; lastKnownFileType = sourcecode.swift; path = swiftUI_mapkit_LandmarkApp.swift; sourceTree = "<group>"; };
		3E4D1C582C94AF8C00CBB315 /* DetailsView.swift */ = {isa = PBXFileReference; lastKnownFileType = sourcecode.swift; path = DetailsView.swift; sourceTree = "<group>"; };
		3E4D1C5A2C94AF8D00CBB315 /* Assets.xcassets */ = {isa = PBXFileReference; lastKnownFileType = folder.assetcatalog; path = Assets.xcassets; sourceTree = "<group>"; };
		3E4D1C5D2C94AF8D00CBB315 /* Preview Assets.xcassets */ = {isa = PBXFileReference; lastKnownFileType = folder.assetcatalog; path = "Preview Assets.xcassets"; sourceTree = "<group>"; };
		3E4D1C642C94AFE100CBB315 /* LandmarkModel.swift */ = {isa = PBXFileReference; lastKnownFileType = sourcecode.swift; path = LandmarkModel.swift; sourceTree = "<group>"; };
		3E4D1C662C94B60200CBB315 /* MapView.swift */ = {isa = PBXFileReference; lastKnownFileType = sourcecode.swift; path = MapView.swift; sourceTree = "<group>"; };
		3E4D1C682C94C66E00CBB315 /* circleImage.swift */ = {isa = PBXFileReference; lastKnownFileType = sourcecode.swift; path = circleImage.swift; sourceTree = "<group>"; };
		3E4D1C6A2C94C80C00CBB315 /* landmarkListView.swift */ = {isa = PBXFileReference; lastKnownFileType = sourcecode.swift; path = landmarkListView.swift; sourceTree = "<group>"; };
		3E4D1C6C2C94D30D00CBB315 /* rowImage.swift */ = {isa = PBXFileReference; lastKnownFileType = sourcecode.swift; path = rowImage.swift; sourceTree = "<group>"; };
		3E4D1C6E2C94D31C00CBB315 /* row.swift */ = {isa = PBXFileReference; lastKnownFileType = sourcecode.swift; path = row.swift; sourceTree = "<group>"; };
/* End PBXFileReference section */

/* Begin PBXFrameworksBuildPhase section */
		3E4D1C502C94AF8B00CBB315 /* Frameworks */ = {
			isa = PBXFrameworksBuildPhase;
			buildActionMask = 2147483647;
			files = (
			);
			runOnlyForDeploymentPostprocessing = 0;
		};
/* End PBXFrameworksBuildPhase section */

/* Begin PBXGroup section */
		3E4D1C4A2C94AF8B00CBB315 = {
			isa = PBXGroup;
			children = (
				3E4D1C552C94AF8C00CBB315 /* swiftUI-mapkit-Landmark */,
				3E4D1C542C94AF8C00CBB315 /* Products */,
			);
			sourceTree = "<group>";
		};
		3E4D1C542C94AF8C00CBB315 /* Products */ = {
			isa = PBXGroup;
			children = (
				3E4D1C532C94AF8C00CBB315 /* swiftUI-mapkit-Landmark.app */,
			);
			name = Products;
			sourceTree = "<group>";
		};
		3E4D1C552C94AF8C00CBB315 /* swiftUI-mapkit-Landmark */ = {
			isa = PBXGroup;
			children = (
				3E4D1C562C94AF8C00CBB315 /* swiftUI_mapkit_LandmarkApp.swift */,
				3E4D1C582C94AF8C00CBB315 /* DetailsView.swift */,
				3E4D1C6A2C94C80C00CBB315 /* landmarkListView.swift */,
				3E4D1C642C94AFE100CBB315 /* LandmarkModel.swift */,
				3E4D1C662C94B60200CBB315 /* MapView.swift */,
				3E4D1C5A2C94AF8D00CBB315 /* Assets.xcassets */,
				3E4D1C5C2C94AF8D00CBB315 /* Preview Content */,
				3E4D1C682C94C66E00CBB315 /* circleImage.swift */,
				3E4D1C6C2C94D30D00CBB315 /* rowImage.swift */,
				3E4D1C6E2C94D31C00CBB315 /* row.swift */,
			);
			path = "swiftUI-mapkit-Landmark";
			sourceTree = "<group>";
		};
		3E4D1C5C2C94AF8D00CBB315 /* Preview Content */ = {
			isa = PBXGroup;
			children = (
				3E4D1C5D2C94AF8D00CBB315 /* Preview Assets.xcassets */,
			);
			path = "Preview Content";
			sourceTree = "<group>";
		};
/* End PBXGroup section */

/* Begin PBXNativeTarget section */
		3E4D1C522C94AF8B00CBB315 /* swiftUI-mapkit-Landmark */ = {
			isa = PBXNativeTarget;
			buildConfigurationList = 3E4D1C612C94AF8D00CBB315 /* Build configuration list for PBXNativeTarget "swiftUI-mapkit-Landmark" */;
			buildPhases = (
				3E4D1C4F2C94AF8B00CBB315 /* Sources */,
				3E4D1C502C94AF8B00CBB315 /* Frameworks */,
				3E4D1C512C94AF8B00CBB315 /* Resources */,
			);
			buildRules = (
			);
			dependencies = (
			);
			name = "swiftUI-mapkit-Landmark";
			productName = "swiftUI-mapkit-Landmark";
			productReference = 3E4D1C532C94AF8C00CBB315 /* swiftUI-mapkit-Landmark.app */;
			productType = "com.apple.product-type.application";
		};
/* End PBXNativeTarget section */

/* Begin PBXProject section */
		3E4D1C4B2C94AF8B00CBB315 /* Project object */ = {
			isa = PBXProject;
			attributes = {
				BuildIndependentTargetsInParallel = 1;
				LastSwiftUpdateCheck = 1530;
				LastUpgradeCheck = 1530;
				TargetAttributes = {
					3E4D1C522C94AF8B00CBB315 = {
						CreatedOnToolsVersion = 15.3;
					};
				};
			};
			buildConfigurationList = 3E4D1C4E2C94AF8B00CBB315 /* Build configuration list for PBXProject "swiftUI-mapkit-Landmark" */;
			compatibilityVersion = "Xcode 14.0";
			developmentRegion = en;
			hasScannedForEncodings = 0;
			knownRegions = (
				en,
				Base,
			);
			mainGroup = 3E4D1C4A2C94AF8B00CBB315;
			productRefGroup = 3E4D1C542C94AF8C00CBB315 /* Products */;
			projectDirPath = "";
			projectRoot = "";
			targets = (
				3E4D1C522C94AF8B00CBB315 /* swiftUI-mapkit-Landmark */,
			);
		};
/* End PBXProject section */

/* Begin PBXResourcesBuildPhase section */
		3E4D1C512C94AF8B00CBB315 /* Resources */ = {
			isa = PBXResourcesBuildPhase;
			buildActionMask = 2147483647;
			files = (
				3E4D1C5E2C94AF8D00CBB315 /* Preview Assets.xcassets in Resources */,
				3E4D1C5B2C94AF8D00CBB315 /* Assets.xcassets in Resources */,
			);
			runOnlyForDeploymentPostprocessing = 0;
		};
/* End PBXResourcesBuildPhase section */

/* Begin PBXSourcesBuildPhase section */
		3E4D1C4F2C94AF8B00CBB315 /* Sources */ = {
			isa = PBXSourcesBuildPhase;
			buildActionMask = 2147483647;
			files = (
				3E4D1C592C94AF8C00CBB315 /* DetailsView.swift in Sources */,
				3E4D1C672C94B60200CBB315 /* MapView.swift in Sources */,
				3E4D1C6B2C94C80C00CBB315 /* landmarkListView.swift in Sources */,
				3E4D1C652C94AFE100CBB315 /* LandmarkModel.swift in Sources */,
				3E4D1C6F2C94D31C00CBB315 /* row.swift in Sources */,
				3E4D1C6D2C94D30D00CBB315 /* rowImage.swift in Sources */,
				3E4D1C572C94AF8C00CBB315 /* swiftUI_mapkit_LandmarkApp.swift in Sources */,
				3E4D1C692C94C66E00CBB315 /* circleImage.swift in Sources */,
			);
			runOnlyForDeploymentPostprocessing = 0;
		};
/* End PBXSourcesBuildPhase section */

/* Begin XCBuildConfiguration section */
		3E4D1C5F2C94AF8D00CBB315 /* Debug */ = {
			isa = XCBuildConfiguration;
			buildSettings = {
				ALWAYS_SEARCH_USER_PATHS = NO;
				ASSETCATALOG_COMPILER_GENERATE_SWIFT_ASSET_SYMBOL_EXTENSIONS = YES;
				CLANG_ANALYZER_NONNULL = YES;
				CLANG_ANALYZER_NUMBER_OBJECT_CONVERSION = YES_AGGRESSIVE;
				CLANG_CXX_LANGUAGE_STANDARD = "gnu++20";
				CLANG_ENABLE_MODULES = YES;
				CLANG_ENABLE_OBJC_ARC = YES;
				CLANG_ENABLE_OBJC_WEAK = YES;
				CLANG_WARN_BLOCK_CAPTURE_AUTORELEASING = YES;
				CLANG_WARN_BOOL_CONVERSION = YES;
				CLANG_WARN_COMMA = YES;
				CLANG_WARN_CONSTANT_CONVERSION = YES;
				CLANG_WARN_DEPRECATED_OBJC_IMPLEMENTATIONS = YES;
				CLANG_WARN_DIRECT_OBJC_ISA_USAGE = YES_ERROR;
				CLANG_WARN_DOCUMENTATION_COMMENTS = YES;
				CLANG_WARN_EMPTY_BODY = YES;
				CLANG_WARN_ENUM_CONVERSION = YES;
				CLANG_WARN_INFINITE_RECURSION = YES;
				CLANG_WARN_INT_CONVERSION = YES;
				CLANG_WARN_NON_LITERAL_NULL_CONVERSION = YES;
				CLANG_WARN_OBJC_IMPLICIT_RETAIN_SELF = YES;
				CLANG_WARN_OBJC_LITERAL_CONVERSION = YES;
				CLANG_WARN_OBJC_ROOT_CLASS = YES_ERROR;
				CLANG_WARN_QUOTED_INCLUDE_IN_FRAMEWORK_HEADER = YES;
				CLANG_WARN_RANGE_LOOP_ANALYSIS = YES;
				CLANG_WARN_STRICT_PROTOTYPES = YES;
				CLANG_WARN_SUSPICIOUS_MOVE = YES;
				CLANG_WARN_UNGUARDED_AVAILABILITY = YES_AGGRESSIVE;
				CLANG_WARN_UNREACHABLE_CODE = YES;
				CLANG_WARN__DUPLICATE_METHOD_MATCH = YES;
				COPY_PHASE_STRIP = NO;
				DEBUG_INFORMATION_FORMAT = dwarf;
				ENABLE_STRICT_OBJC_MSGSEND = YES;
				ENABLE_TESTABILITY = YES;
				ENABLE_USER_SCRIPT_SANDBOXING = YES;
				GCC_C_LANGUAGE_STANDARD = gnu17;
				GCC_DYNAMIC_NO_PIC = NO;
				GCC_NO_COMMON_BLOCKS = YES;
				GCC_OPTIMIZATION_LEVEL = 0;
				GCC_PREPROCESSOR_DEFINITIONS = (
					"DEBUG=1",
					"$(inherited)",
				);
				GCC_WARN_64_TO_32_BIT_CONVERSION = YES;
				GCC_WARN_ABOUT_RETURN_TYPE = YES_ERROR;
				GCC_WARN_UNDECLARED_SELECTOR = YES;
				GCC_WARN_UNINITIALIZED_AUTOS = YES_AGGRESSIVE;
				GCC_WARN_UNUSED_FUNCTION = YES;
				GCC_WARN_UNUSED_VARIABLE = YES;
				IPHONEOS_DEPLOYMENT_TARGET = 17.4;
				LOCALIZATION_PREFERS_STRING_CATALOGS = YES;
				MTL_ENABLE_DEBUG_INFO = INCLUDE_SOURCE;
				MTL_FAST_MATH = YES;
				ONLY_ACTIVE_ARCH = YES;
				SDKROOT = iphoneos;
				SWIFT_ACTIVE_COMPILATION_CONDITIONS = "DEBUG $(inherited)";
				SWIFT_OPTIMIZATION_LEVEL = "-Onone";
			};
			name = Debug;
		};
		3E4D1C602C94AF8D00CBB315 /* Release */ = {
			isa = XCBuildConfiguration;
			buildSettings = {
				ALWAYS_SEARCH_USER_PATHS = NO;
				ASSETCATALOG_COMPILER_GENERATE_SWIFT_ASSET_SYMBOL_EXTENSIONS = YES;
				CLANG_ANALYZER_NONNULL = YES;
				CLANG_ANALYZER_NUMBER_OBJECT_CONVERSION = YES_AGGRESSIVE;
				CLANG_CXX_LANGUAGE_STANDARD = "gnu++20";
				CLANG_ENABLE_MODULES = YES;
				CLANG_ENABLE_OBJC_ARC = YES;
				CLANG_ENABLE_OBJC_WEAK = YES;
				CLANG_WARN_BLOCK_CAPTURE_AUTORELEASING = YES;
				CLANG_WARN_BOOL_CONVERSION = YES;
				CLANG_WARN_COMMA = YES;
				CLANG_WARN_CONSTANT_CONVERSION = YES;
				CLANG_WARN_DEPRECATED_OBJC_IMPLEMENTATIONS = YES;
				CLANG_WARN_DIRECT_OBJC_ISA_USAGE = YES_ERROR;
				CLANG_WARN_DOCUMENTATION_COMMENTS = YES;
				CLANG_WARN_EMPTY_BODY = YES;
				CLANG_WARN_ENUM_CONVERSION = YES;
				CLANG_WARN_INFINITE_RECURSION = YES;
				CLANG_WARN_INT_CONVERSION = YES;
				CLANG_WARN_NON_LITERAL_NULL_CONVERSION = YES;
				CLANG_WARN_OBJC_IMPLICIT_RETAIN_SELF = YES;
				CLANG_WARN_OBJC_LITERAL_CONVERSION = YES;
				CLANG_WARN_OBJC_ROOT_CLASS = YES_ERROR;
				CLANG_WARN_QUOTED_INCLUDE_IN_FRAMEWORK_HEADER = YES;
				CLANG_WARN_RANGE_LOOP_ANALYSIS = YES;
				CLANG_WARN_STRICT_PROTOTYPES = YES;
				CLANG_WARN_SUSPICIOUS_MOVE = YES;
				CLANG_WARN_UNGUARDED_AVAILABILITY = YES_AGGRESSIVE;
				CLANG_WARN_UNREACHABLE_CODE = YES;
				CLANG_WARN__DUPLICATE_METHOD_MATCH = YES;
				COPY_PHASE_STRIP = NO;
				DEBUG_INFORMATION_FORMAT = "dwarf-with-dsym";
				ENABLE_NS_ASSERTIONS = NO;
				ENABLE_STRICT_OBJC_MSGSEND = YES;
				ENABLE_USER_SCRIPT_SANDBOXING = YES;
				GCC_C_LANGUAGE_STANDARD = gnu17;
				GCC_NO_COMMON_BLOCKS = YES;
				GCC_WARN_64_TO_32_BIT_CONVERSION = YES;
				GCC_WARN_ABOUT_RETURN_TYPE = YES_ERROR;
				GCC_WARN_UNDECLARED_SELECTOR = YES;
				GCC_WARN_UNINITIALIZED_AUTOS = YES_AGGRESSIVE;
				GCC_WARN_UNUSED_FUNCTION = YES;
				GCC_WARN_UNUSED_VARIABLE = YES;
				IPHONEOS_DEPLOYMENT_TARGET = 17.4;
				LOCALIZATION_PREFERS_STRING_CATALOGS = YES;
				MTL_ENABLE_DEBUG_INFO = NO;
				MTL_FAST_MATH = YES;
				SDKROOT = iphoneos;
				SWIFT_COMPILATION_MODE = wholemodule;
				VALIDATE_PRODUCT = YES;
			};
			name = Release;
		};
		3E4D1C622C94AF8D00CBB315 /* Debug */ = {
			isa = XCBuildConfiguration;
			buildSettings = {
				ASSETCATALOG_COMPILER_APPICON_NAME = AppIcon;
				ASSETCATALOG_COMPILER_GLOBAL_ACCENT_COLOR_NAME = AccentColor;
				CODE_SIGN_STYLE = Automatic;
				CURRENT_PROJECT_VERSION = 1;
				DEVELOPMENT_ASSET_PATHS = "\"swiftUI-mapkit-Landmark/Preview Content\"";
				ENABLE_PREVIEWS = YES;
				GENERATE_INFOPLIST_FILE = YES;
				INFOPLIST_KEY_UIApplicationSceneManifest_Generation = YES;
				INFOPLIST_KEY_UIApplicationSupportsIndirectInputEvents = YES;
				INFOPLIST_KEY_UILaunchScreen_Generation = YES;
				INFOPLIST_KEY_UISupportedInterfaceOrientations_iPad = "UIInterfaceOrientationPortrait UIInterfaceOrientationPortraitUpsideDown UIInterfaceOrientationLandscapeLeft UIInterfaceOrientationLandscapeRight";
				INFOPLIST_KEY_UISupportedInterfaceOrientations_iPhone = "UIInterfaceOrientationPortrait UIInterfaceOrientationLandscapeLeft UIInterfaceOrientationLandscapeRight";
				LD_RUNPATH_SEARCH_PATHS = (
					"$(inherited)",
					"@executable_path/Frameworks",
				);
				MARKETING_VERSION = 1.0;
				PRODUCT_BUNDLE_IDENTIFIER = "tunatu.swiftUI-mapkit-Landmark";
				PRODUCT_NAME = "$(TARGET_NAME)";
				SWIFT_EMIT_LOC_STRINGS = YES;
				SWIFT_VERSION = 5.0;
				TARGETED_DEVICE_FAMILY = "1,2";
			};
			name = Debug;
		};
		3E4D1C632C94AF8D00CBB315 /* Release */ = {
			isa = XCBuildConfiguration;
			buildSettings = {
				ASSETCATALOG_COMPILER_APPICON_NAME = AppIcon;
				ASSETCATALOG_COMPILER_GLOBAL_ACCENT_COLOR_NAME = AccentColor;
				CODE_SIGN_STYLE = Automatic;
				CURRENT_PROJECT_VERSION = 1;
				DEVELOPMENT_ASSET_PATHS = "\"swiftUI-mapkit-Landmark/Preview Content\"";
				ENABLE_PREVIEWS = YES;
				GENERATE_INFOPLIST_FILE = YES;
				INFOPLIST_KEY_UIApplicationSceneManifest_Generation = YES;
				INFOPLIST_KEY_UIApplicationSupportsIndirectInputEvents = YES;
				INFOPLIST_KEY_UILaunchScreen_Generation = YES;
				INFOPLIST_KEY_UISupportedInterfaceOrientations_iPad = "UIInterfaceOrientationPortrait UIInterfaceOrientationPortraitUpsideDown UIInterfaceOrientationLandscapeLeft UIInterfaceOrientationLandscapeRight";
				INFOPLIST_KEY_UISupportedInterfaceOrientations_iPhone = "UIInterfaceOrientationPortrait UIInterfaceOrientationLandscapeLeft UIInterfaceOrientationLandscapeRight";
				LD_RUNPATH_SEARCH_PATHS = (
					"$(inherited)",
					"@executable_path/Frameworks",
				);
				MARKETING_VERSION = 1.0;
				PRODUCT_BUNDLE_IDENTIFIER = "tunatu.swiftUI-mapkit-Landmark";
				PRODUCT_NAME = "$(TARGET_NAME)";
				SWIFT_EMIT_LOC_STRINGS = YES;
				SWIFT_VERSION = 5.0;
				TARGETED_DEVICE_FAMILY = "1,2";
			};
			name = Release;
		};
/* End XCBuildConfiguration section */

/* Begin XCConfigurationList section */
		3E4D1C4E2C94AF8B00CBB315 /* Build configuration list for PBXProject "swiftUI-mapkit-Landmark" */ = {
			isa = XCConfigurationList;
			buildConfigurations = (
				3E4D1C5F2C94AF8D00CBB315 /* Debug */,
				3E4D1C602C94AF8D00CBB315 /* Release */,
			);
			defaultConfigurationIsVisible = 0;
			defaultConfigurationName = Release;
		};
		3E4D1C612C94AF8D00CBB315 /* Build configuration list for PBXNativeTarget "swiftUI-mapkit-Landmark" */ = {
			isa = XCConfigurationList;
			buildConfigurations = (
				3E4D1C622C94AF8D00CBB315 /* Debug */,
				3E4D1C632C94AF8D00CBB315 /* Release */,
			);
			defaultConfigurationIsVisible = 0;
			defaultConfigurationName = Release;
		};
/* End XCConfigurationList section */
	};
	rootObject = 3E4D1C4B2C94AF8B00CBB315 /* Project object */;
}
